{
  "name": "jk-logger",
  "version": "1.0.0",
  "lockfileVersion": 1,
  "requires": true,
  "dependencies": {
    "jk-observer": {
      "version": "1.0.1",
      "resolved": "https://registry.npmjs.org/jk-observer/-/jk-observer-1.0.1.tgz",
      "integrity": "sha1-RabD3YAZVk3jiXXNclDjYglzEP8="
    }
  }
}
